
Microsoft Visual Studio Solution File, Format Version 12.00
# Visual Studio Version 16
VisualStudioVersion = 16.0.34031.81
MinimumVisualStudioVersion = 10.0.40219.1
Project("{FAE04EC0-301F-11D3-BF4B-00C04F79EFBC}") = "cyberbiology2", "cyberbiology2\cyberbiology2.csproj", "{FADA21AD-44DB-4714-83D7-6E363C444D0E}"
EndProject
Global
	GlobalSection(SolutionConfigurationPlatforms) = preSolution
		Debug|Any CPU = Debug|Any CPU
		Release|Any CPU = Release|Any CPU
	EndGlobalSection
	GlobalSection(ProjectConfigurationPlatforms) = postSolution
		{FADA21AD-44DB-4714-83D7-6E363C444D0E}.Debug|Any CPU.ActiveCfg = Debug|Any CPU
		{FADA21AD-44DB-4714-83D7-6E363C444D0E}.Debug|Any CPU.Build.0 = Debug|Any CPU
		{FADA21AD-44DB-4714-83D7-6E363C444D0E}.Release|Any CPU.ActiveCfg = Release|Any CPU
		{FADA21AD-44DB-4714-83D7-6E363C444D0E}.Release|Any CPU.Build.0 = Release|Any CPU
	EndGlobalSection
	GlobalSection(SolutionProperties) = preSolution
		HideSolutionNode = FALSE
	EndGlobalSection
	GlobalSection(ExtensibilityGlobals) = postSolution
		SolutionGuid = {664331AF-A6C2-497B-BFC7-12DE6741941E}
	EndGlobalSection
EndGlobal
